
Microsoft Visual Studio Solution File, Format Version 12.00
# Visual Studio Version 16
VisualStudioVersion = 16.0.31605.320
MinimumVisualStudioVersion = 10.0.40219.1
Project("{9A19103F-16F7-4668-BE54-9A1E7A4F7556}") = "nGeniusBlazorAppDemo.Server", "nGeniusBlazorAppDemo\Server\nGeniusBlazorAppDemo.Server.csproj", "{18884896-A7F6-42E5-BC26-59C66BF3E39D}"
EndProject
Project("{9A19103F-16F7-4668-BE54-9A1E7A4F7556}") = "nGeniusBlazorAppDemo.Client", "nGeniusBlazorAppDemo\Client\nGeniusBlazorAppDemo.Client.csproj", "{15011E5E-5334-466E-B864-96D229655BF8}"
EndProject
Project("{9A19103F-16F7-4668-BE54-9A1E7A4F7556}") = "nGeniusBlazorAppDemo.Shared", "nGeniusBlazorAppDemo\Shared\nGeniusBlazorAppDemo.Shared.csproj", "{12EABBA3-8D8C-480F-9B39-56FD717F3E9A}"
EndProject
Global
	GlobalSection(SolutionConfigurationPlatforms) = preSolution
		Debug|Any CPU = Debug|Any CPU
		Release|Any CPU = Release|Any CPU
	EndGlobalSection
	GlobalSection(ProjectConfigurationPlatforms) = postSolution
		{18884896-A7F6-42E5-BC26-59C66BF3E39D}.Debug|Any CPU.ActiveCfg = Debug|Any CPU
		{18884896-A7F6-42E5-BC26-59C66BF3E39D}.Debug|Any CPU.Build.0 = Debug|Any CPU
		{18884896-A7F6-42E5-BC26-59C66BF3E39D}.Release|Any CPU.ActiveCfg = Release|Any CPU
		{18884896-A7F6-42E5-BC26-59C66BF3E39D}.Release|Any CPU.Build.0 = Release|Any CPU
		{15011E5E-5334-466E-B864-96D229655BF8}.Debug|Any CPU.ActiveCfg = Debug|Any CPU
		{15011E5E-5334-466E-B864-96D229655BF8}.Debug|Any CPU.Build.0 = Debug|Any CPU
		{15011E5E-5334-466E-B864-96D229655BF8}.Release|Any CPU.ActiveCfg = Release|Any CPU
		{15011E5E-5334-466E-B864-96D229655BF8}.Release|Any CPU.Build.0 = Release|Any CPU
		{12EABBA3-8D8C-480F-9B39-56FD717F3E9A}.Debug|Any CPU.ActiveCfg = Debug|Any CPU
		{12EABBA3-8D8C-480F-9B39-56FD717F3E9A}.Debug|Any CPU.Build.0 = Debug|Any CPU
		{12EABBA3-8D8C-480F-9B39-56FD717F3E9A}.Release|Any CPU.ActiveCfg = Release|Any CPU
		{12EABBA3-8D8C-480F-9B39-56FD717F3E9A}.Release|Any CPU.Build.0 = Release|Any CPU
	EndGlobalSection
	GlobalSection(SolutionProperties) = preSolution
		HideSolutionNode = FALSE
	EndGlobalSection
	GlobalSection(ExtensibilityGlobals) = postSolution
		SolutionGuid = {75D8B56C-01D7-4B64-896F-A7515401BAA6}
	EndGlobalSection
EndGlobal
